
Microsoft Visual Studio Solution File, Format Version 12.00
# Visual Studio Version 17
VisualStudioVersion = 17.9.34728.123
MinimumVisualStudioVersion = 10.0.40219.1
Project("{9A19103F-16F7-4668-BE54-9A1E7A4F7556}") = "Journal", "Journal.csproj", "{163C3DAF-5F3D-46CD-BF38-B7F556A251B4}"
EndProject
Global
	GlobalSection(SolutionConfigurationPlatforms) = preSolution
		Debug|Any CPU = Debug|Any CPU
		Release|Any CPU = Release|Any CPU
	EndGlobalSection
	GlobalSection(ProjectConfigurationPlatforms) = postSolution
		{163C3DAF-5F3D-46CD-BF38-B7F556A251B4}.Debug|Any CPU.ActiveCfg = Debug|Any CPU
		{163C3DAF-5F3D-46CD-BF38-B7F556A251B4}.Debug|Any CPU.Build.0 = Debug|Any CPU
		{163C3DAF-5F3D-46CD-BF38-B7F556A251B4}.Release|Any CPU.ActiveCfg = Release|Any CPU
		{163C3DAF-5F3D-46CD-BF38-B7F556A251B4}.Release|Any CPU.Build.0 = Release|Any CPU
	EndGlobalSection
	GlobalSection(SolutionProperties) = preSolution
		HideSolutionNode = FALSE
	EndGlobalSection
	GlobalSection(ExtensibilityGlobals) = postSolution
		SolutionGuid = {7919EF4F-E626-4896-A47B-A1BD70D85373}
	EndGlobalSection
EndGlobal
